
Microsoft Visual Studio Solution File, Format Version 12.00
# Visual Studio 15
VisualStudioVersion = 15.0.27130.2026
MinimumVisualStudioVersion = 10.0.40219.1
Project("{2150E333-8FDC-42A3-9474-1A3956D46DE8}") = "Engine", "Engine", "{C81C81EF-48EA-46DC-9A13-CC9E1AFC844F}"
EndProject
Project("{2150E333-8FDC-42A3-9474-1A3956D46DE8}") = "Games", "Games", "{222BA534-D645-449A-9DD2-A0B1FFD23908}"
EndProject
Project("{8BC9CEB8-8B4A-11D0-8D11-00A0C91BC942}") = "UE4", "Intermediate\ProjectFiles\UE4.vcxproj", "{BFAEC914-28C7-429C-A838-8EC2CE97199E}"
EndProject
Project("{8BC9CEB8-8B4A-11D0-8D11-00A0C91BC942}") = "BuildingEscape", "Intermediate\ProjectFiles\BuildingEscape.vcxproj", "{DC63354B-44B2-4770-B50A-34025022F851}"
EndProject
Global
	GlobalSection(SolutionConfigurationPlatforms) = preSolution
		DebugGame Editor|HTML5 = DebugGame Editor|HTML5
		DebugGame Editor|Win32 = DebugGame Editor|Win32
		DebugGame Editor|Win64 = DebugGame Editor|Win64
		DebugGame|HTML5 = DebugGame|HTML5
		DebugGame|Win32 = DebugGame|Win32
		DebugGame|Win64 = DebugGame|Win64
		Development Editor|HTML5 = Development Editor|HTML5
		Development Editor|Win32 = Development Editor|Win32
		Development Editor|Win64 = Development Editor|Win64
		Development|HTML5 = Development|HTML5
		Development|Win32 = Development|Win32
		Development|Win64 = Development|Win64
		Shipping|HTML5 = Shipping|HTML5
		Shipping|Win32 = Shipping|Win32
		Shipping|Win64 = Shipping|Win64
	EndGlobalSection
	GlobalSection(ProjectConfigurationPlatforms) = postSolution
		{BFAEC914-28C7-429C-A838-8EC2CE97199E}.DebugGame Editor|HTML5.ActiveCfg = BuiltWithUnrealBuildTool|Win32
		{BFAEC914-28C7-429C-A838-8EC2CE97199E}.DebugGame Editor|HTML5.Build.0 = BuiltWithUnrealBuildTool|Win32
		{BFAEC914-28C7-429C-A838-8EC2CE97199E}.DebugGame Editor|Win32.ActiveCfg = BuiltWithUnrealBuildTool|Win32
		{BFAEC914-28C7-429C-A838-8EC2CE97199E}.DebugGame Editor|Win32.Build.0 = BuiltWithUnrealBuildTool|Win32
		{BFAEC914-28C7-429C-A838-8EC2CE97199E}.DebugGame Editor|Win64.ActiveCfg = BuiltWithUnrealBuildTool|Win32
		{BFAEC914-28C7-429C-A838-8EC2CE97199E}.DebugGame Editor|Win64.Build.0 = BuiltWithUnrealBuildTool|Win32
		{BFAEC914-28C7-429C-A838-8EC2CE97199E}.DebugGame|HTML5.ActiveCfg = BuiltWithUnrealBuildTool|Win32
		{BFAEC914-28C7-429C-A838-8EC2CE97199E}.DebugGame|HTML5.Build.0 = BuiltWithUnrealBuildTool|Win32
		{BFAEC914-28C7-429C-A838-8EC2CE97199E}.DebugGame|Win32.ActiveCfg = BuiltWithUnrealBuildTool|Win32
		{BFAEC914-28C7-429C-A838-8EC2CE97199E}.DebugGame|Win32.Build.0 = BuiltWithUnrealBuildTool|Win32
		{BFAEC914-28C7-429C-A838-8EC2CE97199E}.DebugGame|Win64.ActiveCfg = BuiltWithUnrealBuildTool|Win32
		{BFAEC914-28C7-429C-A838-8EC2CE97199E}.DebugGame|Win64.Build.0 = BuiltWithUnrealBuildTool|Win32
		{BFAEC914-28C7-429C-A838-8EC2CE97199E}.Development Editor|HTML5.ActiveCfg = BuiltWithUnrealBuildTool|Win32
		{BFAEC914-28C7-429C-A838-8EC2CE97199E}.Development Editor|HTML5.Build.0 = BuiltWithUnrealBuildTool|Win32
		{BFAEC914-28C7-429C-A838-8EC2CE97199E}.Development Editor|Win32.ActiveCfg = BuiltWithUnrealBuildTool|Win32
		{BFAEC914-28C7-429C-A838-8EC2CE97199E}.Development Editor|Win32.Build.0 = BuiltWithUnrealBuildTool|Win32
		{BFAEC914-28C7-429C-A838-8EC2CE97199E}.Development Editor|Win64.ActiveCfg = BuiltWithUnrealBuildTool|Win32
		{BFAEC914-28C7-429C-A838-8EC2CE97199E}.Development Editor|Win64.Build.0 = BuiltWithUnrealBuildTool|Win32
		{BFAEC914-28C7-429C-A838-8EC2CE97199E}.Development|HTML5.ActiveCfg = BuiltWithUnrealBuildTool|Win32
		{BFAEC914-28C7-429C-A838-8EC2CE97199E}.Development|HTML5.Build.0 = BuiltWithUnrealBuildTool|Win32
		{BFAEC914-28C7-429C-A838-8EC2CE97199E}.Development|Win32.ActiveCfg = BuiltWithUnrealBuildTool|Win32
		{BFAEC914-28C7-429C-A838-8EC2CE97199E}.Development|Win32.Build.0 = BuiltWithUnrealBuildTool|Win32
		{BFAEC914-28C7-429C-A838-8EC2CE97199E}.Development|Win64.ActiveCfg = BuiltWithUnrealBuildTool|Win32
		{BFAEC914-28C7-429C-A838-8EC2CE97199E}.Development|Win64.Build.0 = BuiltWithUnrealBuildTool|Win32
		{BFAEC914-28C7-429C-A838-8EC2CE97199E}.Shipping|HTML5.ActiveCfg = BuiltWithUnrealBuildTool|Win32
		{BFAEC914-28C7-429C-A838-8EC2CE97199E}.Shipping|HTML5.Build.0 = BuiltWithUnrealBuildTool|Win32
		{BFAEC914-28C7-429C-A838-8EC2CE97199E}.Shipping|Win32.ActiveCfg = BuiltWithUnrealBuildTool|Win32
		{BFAEC914-28C7-429C-A838-8EC2CE97199E}.Shipping|Win32.Build.0 = BuiltWithUnrealBuildTool|Win32
		{BFAEC914-28C7-429C-A838-8EC2CE97199E}.Shipping|Win64.ActiveCfg = BuiltWithUnrealBuildTool|Win32
		{BFAEC914-28C7-429C-A838-8EC2CE97199E}.Shipping|Win64.Build.0 = BuiltWithUnrealBuildTool|Win32
		{DC63354B-44B2-4770-B50A-34025022F851}.DebugGame Editor|HTML5.ActiveCfg = HTML5_DebugGame_Editor|Win32
		{DC63354B-44B2-4770-B50A-34025022F851}.DebugGame Editor|Win32.ActiveCfg = DebugGame_Editor|Win32
		{DC63354B-44B2-4770-B50A-34025022F851}.DebugGame Editor|Win64.ActiveCfg = DebugGame_Editor|x64
		{DC63354B-44B2-4770-B50A-34025022F851}.DebugGame Editor|Win64.Build.0 = DebugGame_Editor|x64
		{DC63354B-44B2-4770-B50A-34025022F851}.DebugGame|HTML5.ActiveCfg = HTML5_DebugGame_Game|Win32
		{DC63354B-44B2-4770-B50A-34025022F851}.DebugGame|HTML5.Build.0 = HTML5_DebugGame_Game|Win32
		{DC63354B-44B2-4770-B50A-34025022F851}.DebugGame|Win32.ActiveCfg = DebugGame_Game|Win32
		{DC63354B-44B2-4770-B50A-34025022F851}.DebugGame|Win32.Build.0 = DebugGame_Game|Win32
		{DC63354B-44B2-4770-B50A-34025022F851}.DebugGame|Win64.ActiveCfg = DebugGame_Game|x64
		{DC63354B-44B2-4770-B50A-34025022F851}.DebugGame|Win64.Build.0 = DebugGame_Game|x64
		{DC63354B-44B2-4770-B50A-34025022F851}.Development Editor|HTML5.ActiveCfg = HTML5_Development_Editor|Win32
		{DC63354B-44B2-4770-B50A-34025022F851}.Development Editor|Win32.ActiveCfg = Development_Editor|Win32
		{DC63354B-44B2-4770-B50A-34025022F851}.Development Editor|Win64.ActiveCfg = Development_Editor|x64
		{DC63354B-44B2-4770-B50A-34025022F851}.Development Editor|Win64.Build.0 = Development_Editor|x64
		{DC63354B-44B2-4770-B50A-34025022F851}.Development|HTML5.ActiveCfg = HTML5_Development_Game|Win32
		{DC63354B-44B2-4770-B50A-34025022F851}.Development|HTML5.Build.0 = HTML5_Development_Game|Win32
		{DC63354B-44B2-4770-B50A-34025022F851}.Development|Win32.ActiveCfg = Development_Game|Win32
		{DC63354B-44B2-4770-B50A-34025022F851}.Development|Win32.Build.0 = Development_Game|Win32
		{DC63354B-44B2-4770-B50A-34025022F851}.Development|Win64.ActiveCfg = Development_Game|x64
		{DC63354B-44B2-4770-B50A-34025022F851}.Development|Win64.Build.0 = Development_Game|x64
		{DC63354B-44B2-4770-B50A-34025022F851}.Shipping|HTML5.ActiveCfg = HTML5_Shipping_Game|Win32
		{DC63354B-44B2-4770-B50A-34025022F851}.Shipping|HTML5.Build.0 = HTML5_Shipping_Game|Win32
		{DC63354B-44B2-4770-B50A-34025022F851}.Shipping|Win32.ActiveCfg = Shipping_Game|Win32
		{DC63354B-44B2-4770-B50A-34025022F851}.Shipping|Win32.Build.0 = Shipping_Game|Win32
		{DC63354B-44B2-4770-B50A-34025022F851}.Shipping|Win64.ActiveCfg = Shipping_Game|x64
		{DC63354B-44B2-4770-B50A-34025022F851}.Shipping|Win64.Build.0 = Shipping_Game|x64
	EndGlobalSection
	GlobalSection(SolutionProperties) = preSolution
		HideSolutionNode = FALSE
	EndGlobalSection
	GlobalSection(NestedProjects) = preSolution
		{BFAEC914-28C7-429C-A838-8EC2CE97199E} = {C81C81EF-48EA-46DC-9A13-CC9E1AFC844F}
		{DC63354B-44B2-4770-B50A-34025022F851} = {222BA534-D645-449A-9DD2-A0B1FFD23908}
	EndGlobalSection
	GlobalSection(ExtensibilityGlobals) = postSolution
		SolutionGuid = {BC4F23C7-9C00-410B-9315-A13C4070355B}
	EndGlobalSection
EndGlobal
